{
  "version": 4,
  "terraform_version": "1.10.2",
  "serial": 8,
  "lineage": "d3e50c95-e69c-bdb3-3f7b-323ba9dc6706",
  "outputs": {},
  "resources": [
    {
      "mode": "managed",
      "type": "yandex_kms_symmetric_key",
      "name": "key-a",
      "provider": "provider[\"registry.terraform.io/yandex-cloud/yandex\"]",
      "instances": [
        {
          "schema_version": 1,
          "attributes": {
            "created_at": "2025-02-16T11:18:38Z",
            "default_algorithm": "AES_128",
            "deletion_protection": false,
            "description": "",
            "folder_id": "b1gl48cub1c6bd386dpg",
            "id": "abjvlbutmq4bjh47irgi",
            "labels": null,
            "name": "k8s-symetric-key",
            "rotated_at": "",
            "rotation_period": "8760h0m0s",
            "status": "active",
            "timeouts": null
          },
          "sensitive_attributes": [],
          "private": "eyJlMmJmYjczMC1lY2FhLTExZTYtOGY4OC0zNDM2M2JjN2M0YzAiOnsiY3JlYXRlIjo2MDAwMDAwMDAwMCwiZGVsZXRlIjo2MDAwMDAwMDAwMCwicmVhZCI6NjAwMDAwMDAwMDAsInVwZGF0ZSI6NjAwMDAwMDAwMDB9LCJzY2hlbWFfdmVyc2lvbiI6IjEifQ=="
        }
      ]
    }
  ],
  "check_results": null
}
